
Microsoft Visual Studio Solution File, Format Version 12.00
# Visual Studio 15
VisualStudioVersion = 15.0.28307.539
MinimumVisualStudioVersion = 10.0.40219.1
Project("{FAE04EC0-301F-11D3-BF4B-00C04F79EFBC}") = "LogManager", "Test\LogManager.csproj", "{612318EB-91C1-4985-871C-7815E04435F4}"
EndProject
Project("{FAE04EC0-301F-11D3-BF4B-00C04F79EFBC}") = "UnitTestLogManager", "UnitTestLogManager\UnitTestLogManager.csproj", "{A587C1C9-F63A-477C-BBEE-91D5F805B466}"
EndProject
Global
	GlobalSection(SolutionConfigurationPlatforms) = preSolution
		Debug|Any CPU = Debug|Any CPU
		Release|Any CPU = Release|Any CPU
	EndGlobalSection
	GlobalSection(ProjectConfigurationPlatforms) = postSolution
		{612318EB-91C1-4985-871C-7815E04435F4}.Debug|Any CPU.ActiveCfg = Debug|Any CPU
		{612318EB-91C1-4985-871C-7815E04435F4}.Debug|Any CPU.Build.0 = Debug|Any CPU
		{612318EB-91C1-4985-871C-7815E04435F4}.Release|Any CPU.ActiveCfg = Release|Any CPU
		{612318EB-91C1-4985-871C-7815E04435F4}.Release|Any CPU.Build.0 = Release|Any CPU
		{A587C1C9-F63A-477C-BBEE-91D5F805B466}.Debug|Any CPU.ActiveCfg = Debug|Any CPU
		{A587C1C9-F63A-477C-BBEE-91D5F805B466}.Debug|Any CPU.Build.0 = Debug|Any CPU
		{A587C1C9-F63A-477C-BBEE-91D5F805B466}.Release|Any CPU.ActiveCfg = Release|Any CPU
		{A587C1C9-F63A-477C-BBEE-91D5F805B466}.Release|Any CPU.Build.0 = Release|Any CPU
	EndGlobalSection
	GlobalSection(SolutionProperties) = preSolution
		HideSolutionNode = FALSE
	EndGlobalSection
	GlobalSection(ExtensibilityGlobals) = postSolution
		SolutionGuid = {59518618-F346-45EE-96DF-00093646F4EE}
	EndGlobalSection
EndGlobal
